{
    "_readme": [
        "This file locks the dependencies of your project to a known state",
        "Read more about it at https://getcomposer.org/doc/01-basic-usage.md#installing-dependencies",
        "This file is @generated automatically"
    ],
    "content-hash": "b1182fde50817580b98844e48216d6b3",
    "packages": [
        {
            "name": "doctrine/annotations",
            "version": "v1.6.1",
            "source": {
                "type": "git",
                "url": "https://github.com/doctrine/annotations.git",
                "reference": "53120e0eb10355388d6ccbe462f1fea34ddadb24"
            },
            "dist": {
                "type": "zip",
                "url": "https://api.github.com/repos/doctrine/annotations/zipball/53120e0eb10355388d6ccbe462f1fea34ddadb24",
                "reference": "53120e0eb10355388d6ccbe462f1fea34ddadb24",
                "shasum": "",
                "mirrors": [
                    {
                        "url": "https://dl.laravel-china.org/%package%/%reference%.%type%",
                        "preferred": true
                    }
                ]
            },
            "require": {
                "doctrine/lexer": "1.*",
                "php": "^7.1"
            },
            "require-dev": {
                "doctrine/cache": "1.*",
                "phpunit/phpunit": "^6.4"
            },
            "type": "library",
            "extra": {
                "branch-alias": {
                    "dev-master": "1.6.x-dev"
                }
            },
            "autoload": {
                "psr-4": {
                    "Doctrine\\Common\\Annotations\\": "lib/Doctrine/Common/Annotations"
                }
            },
            "notification-url": "https://packagist.org/downloads/",
            "license": [
                "MIT"
            ],
            "authors": [
                {
                    "name": "Roman Borschel",
                    "email": "roman@code-factory.org"
                },
                {
                    "name": "Benjamin Eberlei",
                    "email": "kontakt@beberlei.de"
                },
                {
                    "name": "Guilherme Blanco",
                    "email": "guilhermeblanco@gmail.com"
                },
                {
                    "name": "Jonathan Wage",
                    "email": "jonwage@gmail.com"
                },
                {
                    "name": "Johannes Schmitt",
                    "email": "schmittjoh@gmail.com"
                }
            ],
            "description": "Docblock Annotations Parser",
            "homepage": "http://www.doctrine-project.org",
            "keywords": [
                "annotations",
                "docblock",
                "parser"
            ],
            "time": "2019-03-25T19:12:02+00:00"
        },
        {
            "name": "doctrine/lexer",
            "version": "v1.0.1",
            "source": {
                "type": "git",
                "url": "https://github.com/doctrine/lexer.git",
                "reference": "83893c552fd2045dd78aef794c31e694c37c0b8c"
            },
            "dist": {
                "type": "zip",
                "url": "https://api.github.com/repos/doctrine/lexer/zipball/83893c552fd2045dd78aef794c31e694c37c0b8c",
                "reference": "83893c552fd2045dd78aef794c31e694c37c0b8c",
                "shasum": "",
                "mirrors": [
                    {
                        "url": "https://dl.laravel-china.org/%package%/%reference%.%type%",
                        "preferred": true
                    }
                ]
            },
            "require": {
                "php": ">=5.3.2"
            },
            "type": "library",
            "extra": {
                "branch-alias": {
                    "dev-master": "1.0.x-dev"
                }
            },
            "autoload": {
                "psr-0": {
                    "Doctrine\\Common\\Lexer\\": "lib/"
                }
            },
            "notification-url": "https://packagist.org/downloads/",
            "license": [
                "MIT"
            ],
            "authors": [
                {
                    "name": "Roman Borschel",
                    "email": "roman@code-factory.org"
                },
                {
                    "name": "Guilherme Blanco",
                    "email": "guilhermeblanco@gmail.com"
                },
                {
                    "name": "Johannes Schmitt",
                    "email": "schmittjoh@gmail.com"
                }
            ],
            "description": "Base library for a lexer that can be used in Top-Down, Recursive Descent Parsers.",
            "homepage": "http://www.doctrine-project.org",
            "keywords": [
                "lexer",
                "parser"
            ],
            "time": "2014-09-09T13:34:57+00:00"
        },
        {
            "name": "monolog/monolog",
            "version": "1.24.0",
            "source": {
                "type": "git",
                "url": "https://github.com/Seldaek/monolog.git",
                "reference": "bfc9ebb28f97e7a24c45bdc3f0ff482e47bb0266"
            },
            "dist": {
                "type": "zip",
                "url": "https://api.github.com/repos/Seldaek/monolog/zipball/bfc9ebb28f97e7a24c45bdc3f0ff482e47bb0266",
                "reference": "bfc9ebb28f97e7a24c45bdc3f0ff482e47bb0266",
                "shasum": "",
                "mirrors": [
                    {
                        "url": "https://dl.laravel-china.org/%package%/%reference%.%type%",
                        "preferred": true
                    }
                ]
            },
            "require": {
                "php": ">=5.3.0",
                "psr/log": "~1.0"
            },
            "provide": {
                "psr/log-implementation": "1.0.0"
            },
            "require-dev": {
                "aws/aws-sdk-php": "^2.4.9 || ^3.0",
                "doctrine/couchdb": "~1.0@dev",
                "graylog2/gelf-php": "~1.0",
                "jakub-onderka/php-parallel-lint": "0.9",
                "php-amqplib/php-amqplib": "~2.4",
                "php-console/php-console": "^3.1.3",
                "phpunit/phpunit": "~4.5",
                "phpunit/phpunit-mock-objects": "2.3.0",
                "ruflin/elastica": ">=0.90 <3.0",
                "sentry/sentry": "^0.13",
                "swiftmailer/swiftmailer": "^5.3|^6.0"
            },
            "suggest": {
                "aws/aws-sdk-php": "Allow sending log messages to AWS services like DynamoDB",
                "doctrine/couchdb": "Allow sending log messages to a CouchDB server",
                "ext-amqp": "Allow sending log messages to an AMQP server (1.0+ required)",
                "ext-mongo": "Allow sending log messages to a MongoDB server",
                "graylog2/gelf-php": "Allow sending log messages to a GrayLog2 server",
                "mongodb/mongodb": "Allow sending log messages to a MongoDB server via PHP Driver",
                "php-amqplib/php-amqplib": "Allow sending log messages to an AMQP server using php-amqplib",
                "php-console/php-console": "Allow sending log messages to Google Chrome",
                "rollbar/rollbar": "Allow sending log messages to Rollbar",
                "ruflin/elastica": "Allow sending log messages to an Elastic Search server",
                "sentry/sentry": "Allow sending log messages to a Sentry server"
            },
            "type": "library",
            "extra": {
                "branch-alias": {
                    "dev-master": "2.0.x-dev"
                }
            },
            "autoload": {
                "psr-4": {
                    "Monolog\\": "src/Monolog"
                }
            },
            "notification-url": "https://packagist.org/downloads/",
            "license": [
                "MIT"
            ],
            "authors": [
                {
                    "name": "Jordi Boggiano",
                    "email": "j.boggiano@seld.be",
                    "homepage": "http://seld.be"
                }
            ],
            "description": "Sends your logs to files, sockets, inboxes, databases and various web services",
            "homepage": "http://github.com/Seldaek/monolog",
            "keywords": [
                "log",
                "logging",
                "psr-3"
            ],
            "time": "2018-11-05T09:00:11+00:00"
        },
        {
            "name": "nikic/php-parser",
            "version": "v4.2.2",
            "source": {
                "type": "git",
                "url": "https://github.com/nikic/PHP-Parser.git",
                "reference": "1bd73cc04c3843ad8d6b0bfc0956026a151fc420"
            },
            "dist": {
                "type": "zip",
                "url": "https://api.github.com/repos/nikic/PHP-Parser/zipball/1bd73cc04c3843ad8d6b0bfc0956026a151fc420",
                "reference": "1bd73cc04c3843ad8d6b0bfc0956026a151fc420",
                "shasum": "",
                "mirrors": [
                    {
                        "url": "https://dl.laravel-china.org/%package%/%reference%.%type%",
                        "preferred": true
                    }
                ]
            },
            "require": {
                "ext-tokenizer": "*",
                "php": ">=7.0"
            },
            "require-dev": {
                "phpunit/phpunit": "^6.5 || ^7.0"
            },
            "bin": [
                "bin/php-parse"
            ],
            "type": "library",
            "extra": {
                "branch-alias": {
                    "dev-master": "4.2-dev"
                }
            },
            "autoload": {
                "psr-4": {
                    "PhpParser\\": "lib/PhpParser"
                }
            },
            "notification-url": "https://packagist.org/downloads/",
            "license": [
                "BSD-3-Clause"
            ],
            "authors": [
                {
                    "name": "Nikita Popov"
                }
            ],
            "description": "A PHP parser written in PHP",
            "keywords": [
                "parser",
                "php"
            ],
            "time": "2019-05-25T20:07:01+00:00"
        },
        {
            "name": "php-di/phpdoc-reader",
            "version": "2.1.0",
            "source": {
                "type": "git",
                "url": "https://github.com/PHP-DI/PhpDocReader.git",
                "reference": "7d0de60b9341933c8afd172a6255cd7557601e0e"
            },
            "dist": {
                "type": "zip",
                "url": "https://api.github.com/repos/PHP-DI/PhpDocReader/zipball/7d0de60b9341933c8afd172a6255cd7557601e0e",
                "reference": "7d0de60b9341933c8afd172a6255cd7557601e0e",
                "shasum": "",
                "mirrors": [
                    {
                        "url": "https://dl.laravel-china.org/%package%/%reference%.%type%",
                        "preferred": true
                    }
                ]
            },
            "require": {
                "php": ">=5.4.0"
            },
            "require-dev": {
                "phpunit/phpunit": "~4.6"
            },
            "type": "library",
            "autoload": {
                "psr-4": {
                    "PhpDocReader\\": "src/PhpDocReader"
                }
            },
            "notification-url": "https://packagist.org/downloads/",
            "license": [
                "MIT"
            ],
            "description": "PhpDocReader parses @var and @param values in PHP docblocks (supports namespaced class names with the same resolution rules as PHP)",
            "keywords": [
                "phpdoc",
                "reflection"
            ],
            "time": "2018-02-18T17:39:01+00:00"
        },
        {
            "name": "psr/container",
            "version": "1.0.0",
            "source": {
                "type": "git",
                "url": "https://github.com/php-fig/container.git",
                "reference": "b7ce3b176482dbbc1245ebf52b181af44c2cf55f"
            },
            "dist": {
                "type": "zip",
                "url": "https://api.github.com/repos/php-fig/container/zipball/b7ce3b176482dbbc1245ebf52b181af44c2cf55f",
                "reference": "b7ce3b176482dbbc1245ebf52b181af44c2cf55f",
                "shasum": "",
                "mirrors": [
                    {
                        "url": "https://dl.laravel-china.org/%package%/%reference%.%type%",
                        "preferred": true
                    }
                ]
            },
            "require": {
                "php": ">=5.3.0"
            },
            "type": "library",
            "extra": {
                "branch-alias": {
                    "dev-master": "1.0.x-dev"
                }
            },
            "autoload": {
                "psr-4": {
                    "Psr\\Container\\": "src/"
                }
            },
            "notification-url": "https://packagist.org/downloads/",
            "license": [
                "MIT"
            ],
            "authors": [
                {
                    "name": "PHP-FIG",
                    "homepage": "http://www.php-fig.org/"
                }
            ],
            "description": "Common Container Interface (PHP FIG PSR-11)",
            "homepage": "https://github.com/php-fig/container",
            "keywords": [
                "PSR-11",
                "container",
                "container-interface",
                "container-interop",
                "psr"
            ],
            "time": "2017-02-14T16:28:37+00:00"
        },
        {
            "name": "psr/log",
            "version": "1.1.0",
            "source": {
                "type": "git",
                "url": "https://github.com/php-fig/log.git",
                "reference": "6c001f1daafa3a3ac1d8ff69ee4db8e799a654dd"
            },
            "dist": {
                "type": "zip",
                "url": "https://api.github.com/repos/php-fig/log/zipball/6c001f1daafa3a3ac1d8ff69ee4db8e799a654dd",
                "reference": "6c001f1daafa3a3ac1d8ff69ee4db8e799a654dd",
                "shasum": "",
                "mirrors": [
                    {
                        "url": "https://dl.laravel-china.org/%package%/%reference%.%type%",
                        "preferred": true
                    }
                ]
            },
            "require": {
                "php": ">=5.3.0"
            },
            "type": "library",
            "extra": {
                "branch-alias": {
                    "dev-master": "1.0.x-dev"
                }
            },
            "autoload": {
                "psr-4": {
                    "Psr\\Log\\": "Psr/Log/"
                }
            },
            "notification-url": "https://packagist.org/downloads/",
            "license": [
                "MIT"
            ],
            "authors": [
                {
                    "name": "PHP-FIG",
                    "homepage": "http://www.php-fig.org/"
                }
            ],
            "description": "Common interface for logging libraries",
            "homepage": "https://github.com/php-fig/log",
            "keywords": [
                "log",
                "psr",
                "psr-3"
            ],
            "time": "2018-11-20T15:27:04+00:00"
        },
        {
            "name": "swoft/annotation",
            "version": "v2.0.1",
            "source": {
                "type": "git",
                "url": "https://github.com/swoft-cloud/swoft-annotation.git",
                "reference": "0bc5005cd94e54d6ff33a9008d69f64e5b98c63e"
            },
            "dist": {
                "type": "zip",
                "url": "https://api.github.com/repos/swoft-cloud/swoft-annotation/zipball/0bc5005cd94e54d6ff33a9008d69f64e5b98c63e",
                "reference": "0bc5005cd94e54d6ff33a9008d69f64e5b98c63e",
                "shasum": "",
                "mirrors": [
                    {
                        "url": "https://dl.laravel-china.org/%package%/%reference%.%type%",
                        "preferred": true
                    }
                ]
            },
            "require": {
                "doctrine/annotations": "^1.4",
                "php": ">7.1",
                "php-di/phpdoc-reader": "^2.0",
                "swoft/stdlib": "~2.0.0"
            },
            "require-dev": {
                "phpunit/phpunit": "^7.5"
            },
            "type": "library",
            "autoload": {
                "psr-4": {
                    "Swoft\\Annotation\\": "src/"
                }
            },
            "notification-url": "https://packagist.org/downloads/",
            "license": [
                "Apache-2.0"
            ],
            "description": "micro-service framework base on swoole",
            "keywords": [
                "php",
                "swoft",
                "swoole"
            ],
            "time": "2019-05-21T13:43:49+00:00"
        },
        {
            "name": "swoft/aop",
            "version": "v2.0.1",
            "source": {
                "type": "git",
                "url": "https://github.com/swoft-cloud/swoft-aop.git",
                "reference": "91818bcef5cb26476bdde19296c1a117d8bcd1fa"
            },
            "dist": {
                "type": "zip",
                "url": "https://api.github.com/repos/swoft-cloud/swoft-aop/zipball/91818bcef5cb26476bdde19296c1a117d8bcd1fa",
                "reference": "91818bcef5cb26476bdde19296c1a117d8bcd1fa",
                "shasum": "",
                "mirrors": [
                    {
                        "url": "https://dl.laravel-china.org/%package%/%reference%.%type%",
                        "preferred": true
                    }
                ]
            },
            "require": {
                "php": ">=7.1",
                "swoft/proxy": "~2.0.0",
                "swoft/stdlib": "~2.0.0"
            },
            "require-dev": {
                "phpunit/phpunit": "^7.5"
            },
            "type": "library",
            "autoload": {
                "classmap": [],
                "psr-4": {
                    "Swoft\\Aop\\": "src/"
                }
            },
            "notification-url": "https://packagist.org/downloads/",
            "license": [
                "Apache-2.0"
            ],
            "description": "micro-service framework base on swoole",
            "keywords": [
                "php",
                "swoft",
                "swoole"
            ],
            "time": "2019-05-28T13:09:36+00:00"
        },
        {
            "name": "swoft/bean",
            "version": "v2.0.1",
            "source": {
                "type": "git",
                "url": "https://github.com/swoft-cloud/swoft-bean.git",
                "reference": "3f9aae766f49eac209460d1a51e7f806501f9e08"
            },
            "dist": {
                "type": "zip",
                "url": "https://api.github.com/repos/swoft-cloud/swoft-bean/zipball/3f9aae766f49eac209460d1a51e7f806501f9e08",
                "reference": "3f9aae766f49eac209460d1a51e7f806501f9e08",
                "shasum": "",
                "mirrors": [
                    {
                        "url": "https://dl.laravel-china.org/%package%/%reference%.%type%",
                        "preferred": true
                    }
                ]
            },
            "require": {
                "php": ">7.1.0",
                "psr/container": "^1.0",
                "swoft/annotation": "~2.0.0",
                "swoft/event": "~2.0.0",
                "swoft/stdlib": "~2.0.0"
            },
            "require-dev": {
                "phpunit/phpunit": "^7.5"
            },
            "type": "library",
            "autoload": {
                "classmap": [],
                "psr-4": {
                    "Swoft\\Bean\\": "src/"
                },
                "files": [
                    "src/Helper/Functions.php"
                ]
            },
            "notification-url": "https://packagist.org/downloads/",
            "license": [
                "Apache-2.0"
            ],
            "description": "micro-service framework base on swoole",
            "keywords": [
                "php",
                "swoft",
                "swoole"
            ],
            "time": "2019-05-26T15:32:31+00:00"
        },
        {
            "name": "swoft/config",
            "version": "v2.0.1",
            "source": {
                "type": "git",
                "url": "https://github.com/swoft-cloud/swoft-config.git",
                "reference": "3459ec55a921e31fe65c9327c6fa6ffb0cae9189"
            },
            "dist": {
                "type": "zip",
                "url": "https://api.github.com/repos/swoft-cloud/swoft-config/zipball/3459ec55a921e31fe65c9327c6fa6ffb0cae9189",
                "reference": "3459ec55a921e31fe65c9327c6fa6ffb0cae9189",
                "shasum": "",
                "mirrors": [
                    {
                        "url": "https://dl.laravel-china.org/%package%/%reference%.%type%",
                        "preferred": true
                    }
                ]
            },
            "require": {
                "php": ">7.1",
                "swoft/stdlib": "~2.0.0",
                "symfony/yaml": "^4.2",
                "vlucas/phpdotenv": "^2.5"
            },
            "require-dev": {
                "phpunit/phpunit": "^7.5"
            },
            "type": "library",
            "autoload": {
                "classmap": [],
                "psr-4": {
                    "Swoft\\Config\\": "src/"
                }
            },
            "notification-url": "https://packagist.org/downloads/",
            "license": [
                "Apache-2.0"
            ],
            "description": "micro-service framework base on swoole",
            "keywords": [
                "php",
                "swoft",
                "swoole"
            ],
            "time": "2019-05-26T06:41:41+00:00"
        },
        {
            "name": "swoft/connection-pool",
            "version": "v2.0.1",
            "source": {
                "type": "git",
                "url": "https://github.com/swoft-cloud/swoft-connection-pool.git",
                "reference": "96e9f90a7ca6de7550f3e3802d412ac3b1044b3e"
            },
            "dist": {
                "type": "zip",
                "url": "https://api.github.com/repos/swoft-cloud/swoft-connection-pool/zipball/96e9f90a7ca6de7550f3e3802d412ac3b1044b3e",
                "reference": "96e9f90a7ca6de7550f3e3802d412ac3b1044b3e",
                "shasum": "",
                "mirrors": [
                    {
                        "url": "https://dl.laravel-china.org/%package%/%reference%.%type%",
                        "preferred": true
                    }
                ]
            },
            "require": {
                "swoft/stdlib": "~2.0.0"
            },
            "require-dev": {
                "phpunit/phpunit": "^7.5"
            },
            "type": "library",
            "autoload": {
                "psr-4": {
                    "Swoft\\Connection\\Pool\\": "src/"
                },
                "files": []
            },
            "notification-url": "https://packagist.org/downloads/",
            "license": [
                "Apache-2.0"
            ],
            "description": "connect pool for swoft",
            "keywords": [
                "php",
                "swoft",
                "swoole"
            ],
            "time": "2019-05-26T11:42:42+00:00"
        },
        {
            "name": "swoft/console",
            "version": "v2.0.1",
            "source": {
                "type": "git",
                "url": "https://github.com/swoft-cloud/swoft-console.git",
                "reference": "4b40c5a6da596557b8244445d61f58cf4c67408b"
            },
            "dist": {
                "type": "zip",
                "url": "https://api.github.com/repos/swoft-cloud/swoft-console/zipball/4b40c5a6da596557b8244445d61f58cf4c67408b",
                "reference": "4b40c5a6da596557b8244445d61f58cf4c67408b",
                "shasum": "",
                "mirrors": [
                    {
                        "url": "https://dl.laravel-china.org/%package%/%reference%.%type%",
                        "preferred": true
                    }
                ]
            },
            "require": {
                "ext-mbstring": "*",
                "php": ">7.1.0",
                "toolkit/cli-utils": "~1.0"
            },
            "require-dev": {
                "phpunit/phpunit": "^7.5",
                "swoft/swoole-ide-helper": "dev-master"
            },
            "type": "library",
            "autoload": {
                "psr-4": {
                    "Swoft\\Console\\": "src/"
                },
                "files": [
                    "src/Helper/Functions.php"
                ]
            },
            "notification-url": "https://packagist.org/downloads/",
            "license": [
                "Apache-2.0"
            ],
            "description": "micro-service framework base on swoole",
            "keywords": [
                "console",
                "php",
                "swoft",
                "swoole"
            ],
            "time": "2019-05-20T06:19:58+00:00"
        },
        {
            "name": "swoft/error",
            "version": "v2.0.1",
            "source": {
                "type": "git",
                "url": "https://github.com/swoft-cloud/swoft-error.git",
                "reference": "9499ac89d4eec0a09c7c569cafa7a0a41a3b5818"
            },
            "dist": {
                "type": "zip",
                "url": "https://api.github.com/repos/swoft-cloud/swoft-error/zipball/9499ac89d4eec0a09c7c569cafa7a0a41a3b5818",
                "reference": "9499ac89d4eec0a09c7c569cafa7a0a41a3b5818",
                "shasum": "",
                "mirrors": [
                    {
                        "url": "https://dl.laravel-china.org/%package%/%reference%.%type%",
                        "preferred": true
                    }
                ]
            },
            "require": {
                "swoft/stdlib": "~2.0.0"
            },
            "require-dev": {
                "phpunit/phpunit": "^7.5"
            },
            "type": "library",
            "autoload": {
                "psr-4": {
                    "Swoft\\Error\\": "src"
                }
            },
            "notification-url": "https://packagist.org/downloads/",
            "license": [
                "Apache-2.0"
            ],
            "description": "Error Handler Component for Swoft",
            "keywords": [
                "error-handler",
                "exception",
                "php",
                "swoft",
                "swoole"
            ],
            "time": "2019-05-20T15:26:35+00:00"
        },
        {
            "name": "swoft/event",
            "version": "v2.0.1",
            "source": {
                "type": "git",
                "url": "https://github.com/swoft-cloud/swoft-event.git",
                "reference": "78a5649b84542f92860dd2e780291faa2d9abb4e"
            },
            "dist": {
                "type": "zip",
                "url": "https://api.github.com/repos/swoft-cloud/swoft-event/zipball/78a5649b84542f92860dd2e780291faa2d9abb4e",
                "reference": "78a5649b84542f92860dd2e780291faa2d9abb4e",
                "shasum": "",
                "mirrors": [
                    {
                        "url": "https://dl.laravel-china.org/%package%/%reference%.%type%",
                        "preferred": true
                    }
                ]
            },
            "require": {
                "php": ">7.1.0",
                "swoft/stdlib": "~2.0.0"
            },
            "require-dev": {
                "phpunit/phpunit": "^7.5"
            },
            "type": "library",
            "autoload": {
                "psr-4": {
                    "Swoft\\Event\\": "src/"
                }
            },
            "notification-url": "https://packagist.org/downloads/",
            "license": [
                "Apache-2.0"
            ],
            "description": "event dispatcher and manager for swoft framework",
            "keywords": [
                "php",
                "psr-14",
                "swoft",
                "swoole"
            ],
            "time": "2019-05-20T15:26:35+00:00"
        },
        {
            "name": "swoft/framework",
            "version": "v2.0.1",
            "source": {
                "type": "git",
                "url": "https://github.com/swoft-cloud/swoft-framework.git",
                "reference": "6861ea99d1dd864688e894e02e265baae7a4179c"
            },
            "dist": {
                "type": "zip",
                "url": "https://api.github.com/repos/swoft-cloud/swoft-framework/zipball/6861ea99d1dd864688e894e02e265baae7a4179c",
                "reference": "6861ea99d1dd864688e894e02e265baae7a4179c",
                "shasum": "",
                "mirrors": [
                    {
                        "url": "https://dl.laravel-china.org/%package%/%reference%.%type%",
                        "preferred": true
                    }
                ]
            },
            "require": {
                "php": ">=7.1",
                "swoft/annotation": "~2.0.0",
                "swoft/aop": "~2.0.0",
                "swoft/bean": "~2.0.0",
                "swoft/config": "~2.0.0",
                "swoft/console": "~2.0.0",
                "swoft/error": "~2.0.0",
                "swoft/event": "~2.0.0",
                "swoft/log": "~2.0.0",
                "swoft/server": "~2.0.0",
                "swoft/stdlib": "~2.0.0"
            },
            "require-dev": {
                "phpunit/phpunit": "^7.5"
            },
            "type": "library",
            "autoload": {
                "classmap": [
                    "src/Swoft.php"
                ],
                "psr-4": {
                    "Swoft\\": "src/",
                    "SwoftTest\\Testing\\": "test/testing/"
                },
                "files": [
                    "src/Helper/Functions.php"
                ]
            },
            "notification-url": "https://packagist.org/downloads/",
            "license": [
                "Apache-2.0"
            ],
            "description": "micro-service framework base on swoole",
            "keywords": [
                "php",
                "swoft",
                "swoole"
            ],
            "time": "2019-05-28T14:00:50+00:00"
        },
        {
            "name": "swoft/log",
            "version": "v2.0.1",
            "source": {
                "type": "git",
                "url": "https://github.com/swoft-cloud/swoft-log.git",
                "reference": "46c407314721fe720cc143596263fc8b7f36cf93"
            },
            "dist": {
                "type": "zip",
                "url": "https://api.github.com/repos/swoft-cloud/swoft-log/zipball/46c407314721fe720cc143596263fc8b7f36cf93",
                "reference": "46c407314721fe720cc143596263fc8b7f36cf93",
                "shasum": "",
                "mirrors": [
                    {
                        "url": "https://dl.laravel-china.org/%package%/%reference%.%type%",
                        "preferred": true
                    }
                ]
            },
            "require": {
                "monolog/monolog": "^1.24",
                "php": ">=7.1",
                "swoft/stdlib": "~2.0.0",
                "toolkit/cli-utils": "^1.0"
            },
            "require-dev": {
                "phpunit/phpunit": "^7.5",
                "swoft/swoole-ide-helper": "dev-master"
            },
            "type": "library",
            "autoload": {
                "classmap": [],
                "psr-4": {
                    "Swoft\\Log\\": "src/"
                }
            },
            "notification-url": "https://packagist.org/downloads/",
            "license": [
                "Apache-2.0"
            ],
            "description": "micro-service framework base on swoole",
            "keywords": [
                "php",
                "swoft",
                "swoole"
            ],
            "time": "2019-05-22T13:57:39+00:00"
        },
        {
            "name": "swoft/proxy",
            "version": "v2.0.1",
            "source": {
                "type": "git",
                "url": "https://github.com/swoft-cloud/swoft-proxy.git",
                "reference": "267a37f3861b7c60e9eaab983122390596646668"
            },
            "dist": {
                "type": "zip",
                "url": "https://api.github.com/repos/swoft-cloud/swoft-proxy/zipball/267a37f3861b7c60e9eaab983122390596646668",
                "reference": "267a37f3861b7c60e9eaab983122390596646668",
                "shasum": "",
                "mirrors": [
                    {
                        "url": "https://dl.laravel-china.org/%package%/%reference%.%type%",
                        "preferred": true
                    }
                ]
            },
            "require": {
                "nikic/php-parser": "~4.2",
                "swoft/stdlib": "~2.0.0"
            },
            "require-dev": {
                "phpunit/phpunit": "^7.5"
            },
            "type": "library",
            "autoload": {
                "psr-4": {
                    "Swoft\\Proxy\\": "src/"
                }
            },
            "notification-url": "https://packagist.org/downloads/",
            "license": [
                "Apache-2.0"
            ],
            "description": "microservice framework base on swoole",
            "keywords": [
                "php",
                "rpc",
                "swoft",
                "swoole"
            ],
            "time": "2019-05-20T15:26:35+00:00"
        },
        {
            "name": "swoft/server",
            "version": "v2.0.1",
            "source": {
                "type": "git",
                "url": "https://github.com/swoft-cloud/swoft-server.git",
                "reference": "512794fea369a9a764940461e3e2eabfd7d3dbc7"
            },
            "dist": {
                "type": "zip",
                "url": "https://api.github.com/repos/swoft-cloud/swoft-server/zipball/512794fea369a9a764940461e3e2eabfd7d3dbc7",
                "reference": "512794fea369a9a764940461e3e2eabfd7d3dbc7",
                "shasum": "",
                "mirrors": [
                    {
                        "url": "https://dl.laravel-china.org/%package%/%reference%.%type%",
                        "preferred": true
                    }
                ]
            },
            "require": {
                "swoft/stdlib": "~2.0.0"
            },
            "require-dev": {
                "phpunit/phpunit": "^7.5"
            },
            "type": "library",
            "autoload": {
                "psr-4": {
                    "Swoft\\Server\\": "src/"
                }
            },
            "notification-url": "https://packagist.org/downloads/",
            "license": [
                "Apache-2.0"
            ],
            "description": "base server for swoft",
            "keywords": [
                "php",
                "swoft",
                "swoole",
                "websocket",
                "websocket-server"
            ],
            "time": "2019-05-23T09:54:58+00:00"
        },
        {
            "name": "swoft/stdlib",
            "version": "v2.0.1",
            "source": {
                "type": "git",
                "url": "https://github.com/swoft-cloud/swoft-stdlib.git",
                "reference": "dc635e73bbbb9c93b46c7225b1cfff161e9d0f28"
            },
            "dist": {
                "type": "zip",
                "url": "https://api.github.com/repos/swoft-cloud/swoft-stdlib/zipball/dc635e73bbbb9c93b46c7225b1cfff161e9d0f28",
                "reference": "dc635e73bbbb9c93b46c7225b1cfff161e9d0f28",
                "shasum": "",
                "mirrors": [
                    {
                        "url": "https://dl.laravel-china.org/%package%/%reference%.%type%",
                        "preferred": true
                    }
                ]
            },
            "require": {
                "php": ">7.1.0"
            },
            "require-dev": {
                "phpunit/phpunit": "^7.5"
            },
            "type": "library",
            "autoload": {
                "psr-4": {
                    "Swoft\\Stdlib\\": "src/"
                },
                "files": [
                    "src/Helper/Functions.php"
                ]
            },
            "notification-url": "https://packagist.org/downloads/",
            "license": [
                "Apache-2.0"
            ],
            "description": "micro-service framework base on swoole",
            "keywords": [
                "helper",
                "php",
                "swoft",
                "swoole"
            ],
            "time": "2019-05-24T13:38:23+00:00"
        },
        {
            "name": "symfony/polyfill-ctype",
            "version": "v1.11.0",
            "source": {
                "type": "git",
                "url": "https://github.com/symfony/polyfill-ctype.git",
                "reference": "82ebae02209c21113908c229e9883c419720738a"
            },
            "dist": {
                "type": "zip",
                "url": "https://api.github.com/repos/symfony/polyfill-ctype/zipball/82ebae02209c21113908c229e9883c419720738a",
                "reference": "82ebae02209c21113908c229e9883c419720738a",
                "shasum": "",
                "mirrors": [
                    {
                        "url": "https://dl.laravel-china.org/%package%/%reference%.%type%",
                        "preferred": true
                    }
                ]
            },
            "require": {
                "php": ">=5.3.3"
            },
            "suggest": {
                "ext-ctype": "For best performance"
            },
            "type": "library",
            "extra": {
                "branch-alias": {
                    "dev-master": "1.11-dev"
                }
            },
            "autoload": {
                "psr-4": {
                    "Symfony\\Polyfill\\Ctype\\": ""
                },
                "files": [
                    "bootstrap.php"
                ]
            },
            "notification-url": "https://packagist.org/downloads/",
            "license": [
                "MIT"
            ],
            "authors": [
                {
                    "name": "Symfony Community",
                    "homepage": "https://symfony.com/contributors"
                },
                {
                    "name": "Gert de Pagter",
                    "email": "BackEndTea@gmail.com"
                }
            ],
            "description": "Symfony polyfill for ctype functions",
            "homepage": "https://symfony.com",
            "keywords": [
                "compatibility",
                "ctype",
                "polyfill",
                "portable"
            ],
            "time": "2019-02-06T07:57:58+00:00"
        },
        {
            "name": "symfony/yaml",
            "version": "v4.3.0",
            "source": {
                "type": "git",
                "url": "https://github.com/symfony/yaml.git",
                "reference": "c60ecf5ba842324433b46f58dc7afc4487dbab99"
            },
            "dist": {
                "type": "zip",
                "url": "https://api.github.com/repos/symfony/yaml/zipball/c60ecf5ba842324433b46f58dc7afc4487dbab99",
                "reference": "c60ecf5ba842324433b46f58dc7afc4487dbab99",
                "shasum": "",
                "mirrors": [
                    {
                        "url": "https://dl.laravel-china.org/%package%/%reference%.%type%",
                        "preferred": true
                    }
                ]
            },
            "require": {
                "php": "^7.1.3",
                "symfony/polyfill-ctype": "~1.8"
            },
            "conflict": {
                "symfony/console": "<3.4"
            },
            "require-dev": {
                "symfony/console": "~3.4|~4.0"
            },
            "suggest": {
                "symfony/console": "For validating YAML files using the lint command"
            },
            "type": "library",
            "extra": {
                "branch-alias": {
                    "dev-master": "4.3-dev"
                }
            },
            "autoload": {
                "psr-4": {
                    "Symfony\\Component\\Yaml\\": ""
                },
                "exclude-from-classmap": [
                    "/Tests/"
                ]
            },
            "notification-url": "https://packagist.org/downloads/",
            "license": [
                "MIT"
            ],
            "authors": [
                {
                    "name": "Fabien Potencier",
                    "email": "fabien@symfony.com"
                },
                {
                    "name": "Symfony Community",
                    "homepage": "https://symfony.com/contributors"
                }
            ],
            "description": "Symfony Yaml Component",
            "homepage": "https://symfony.com",
            "time": "2019-04-06T14:04:46+00:00"
        },
        {
            "name": "toolkit/cli-utils",
            "version": "v1.0.7",
            "source": {
                "type": "git",
                "url": "https://github.com/php-toolkit/cli-utils.git",
                "reference": "bc60e7744db8f5452a1421770c00e315d00e3153"
            },
            "dist": {
                "type": "zip",
                "url": "https://api.github.com/repos/php-toolkit/cli-utils/zipball/bc60e7744db8f5452a1421770c00e315d00e3153",
                "reference": "bc60e7744db8f5452a1421770c00e315d00e3153",
                "shasum": "",
                "mirrors": [
                    {
                        "url": "https://dl.laravel-china.org/%package%/%reference%.%type%",
                        "preferred": true
                    }
                ]
            },
            "require": {
                "php": ">7.1.0"
            },
            "suggest": {
                "inhere/console": "a lightweight php console application library.",
                "inhere/php-validate": "Very lightweight data validate tool"
            },
            "type": "library",
            "autoload": {
                "psr-4": {
                    "Toolkit\\Cli\\": "src/"
                }
            },
            "notification-url": "https://packagist.org/downloads/",
            "license": [
                "MIT"
            ],
            "authors": [
                {
                    "name": "inhere",
                    "email": "in.798@qq.com",
                    "homepage": "http://www.yzone.net/"
                }
            ],
            "description": "some cli tool library of the php",
            "homepage": "https://github.com/php-toolkit/cli-utils",
            "keywords": [
                "library",
                "php",
                "tool"
            ],
            "time": "2019-02-27T16:15:53+00:00"
        },
        {
            "name": "vlucas/phpdotenv",
            "version": "v2.6.1",
            "source": {
                "type": "git",
                "url": "https://github.com/vlucas/phpdotenv.git",
                "reference": "2a7dcf7e3e02dc5e701004e51a6f304b713107d5"
            },
            "dist": {
                "type": "zip",
                "url": "https://api.github.com/repos/vlucas/phpdotenv/zipball/2a7dcf7e3e02dc5e701004e51a6f304b713107d5",
                "reference": "2a7dcf7e3e02dc5e701004e51a6f304b713107d5",
                "shasum": "",
                "mirrors": [
                    {
                        "url": "https://dl.laravel-china.org/%package%/%reference%.%type%",
                        "preferred": true
                    }
                ]
            },
            "require": {
                "php": ">=5.3.9",
                "symfony/polyfill-ctype": "^1.9"
            },
            "require-dev": {
                "phpunit/phpunit": "^4.8.35 || ^5.0"
            },
            "type": "library",
            "extra": {
                "branch-alias": {
                    "dev-master": "2.6-dev"
                }
            },
            "autoload": {
                "psr-4": {
                    "Dotenv\\": "src/"
                }
            },
            "notification-url": "https://packagist.org/downloads/",
            "license": [
                "BSD-3-Clause"
            ],
            "authors": [
                {
                    "name": "Vance Lucas",
                    "email": "vance@vancelucas.com",
                    "homepage": "http://www.vancelucas.com"
                }
            ],
            "description": "Loads environment variables from `.env` to `getenv()`, `$_ENV` and `$_SERVER` automagically.",
            "keywords": [
                "dotenv",
                "env",
                "environment"
            ],
            "time": "2019-01-29T11:11:52+00:00"
        }
    ],
    "packages-dev": [],
    "aliases": [],
    "minimum-stability": "stable",
    "stability-flags": [],
    "prefer-stable": false,
    "prefer-lowest": false,
    "platform": {
        "php": ">=7.0"
    },
    "platform-dev": []
}
